
Microsoft Visual Studio Solution File, Format Version 12.00
# Visual Studio Version 16
VisualStudioVersion = 16.0.810.17
MinimumVisualStudioVersion = 10.0.40219.1
Project("{FAE04EC0-301F-11D3-BF4B-00C04F79EFBC}") = "MoodTracker", "MoodTracker.csproj", "{23C0338E-FBCE-47E3-8C04-ABA6F96DB7C9}"
EndProject
Global
	GlobalSection(SolutionConfigurationPlatforms) = preSolution
		Debug|Any CPU = Debug|Any CPU
		Release|Any CPU = Release|Any CPU
	EndGlobalSection
	GlobalSection(ProjectConfigurationPlatforms) = postSolution
		{23C0338E-FBCE-47E3-8C04-ABA6F96DB7C9}.Debug|Any CPU.ActiveCfg = Debug|Any CPU
		{23C0338E-FBCE-47E3-8C04-ABA6F96DB7C9}.Debug|Any CPU.Build.0 = Debug|Any CPU
		{23C0338E-FBCE-47E3-8C04-ABA6F96DB7C9}.Release|Any CPU.ActiveCfg = Release|Any CPU
		{23C0338E-FBCE-47E3-8C04-ABA6F96DB7C9}.Release|Any CPU.Build.0 = Release|Any CPU
	EndGlobalSection
	GlobalSection(SolutionProperties) = preSolution
		HideSolutionNode = FALSE
	EndGlobalSection
	GlobalSection(ExtensibilityGlobals) = postSolution
		SolutionGuid = {2FD681E1-FB76-4843-B6D3-1A603BED5931}
	EndGlobalSection
EndGlobal
